
Microsoft Visual Studio Solution File, Format Version 12.00
# Visual Studio Version 17
VisualStudioVersion = 17.0.32112.339
MinimumVisualStudioVersion = 10.0.40219.1
Project("{FAE04EC0-301F-11D3-BF4B-00C04F79EFBC}") = "GitDemo", "GitDemo\GitDemo.csproj", "{76F2198F-0781-4914-B90A-67AD9FD83EDE}"
EndProject
Global
	GlobalSection(SolutionConfigurationPlatforms) = preSolution
		Debug|Any CPU = Debug|Any CPU
		Release|Any CPU = Release|Any CPU
	EndGlobalSection
	GlobalSection(ProjectConfigurationPlatforms) = postSolution
		{76F2198F-0781-4914-B90A-67AD9FD83EDE}.Debug|Any CPU.ActiveCfg = Debug|Any CPU
		{76F2198F-0781-4914-B90A-67AD9FD83EDE}.Debug|Any CPU.Build.0 = Debug|Any CPU
		{76F2198F-0781-4914-B90A-67AD9FD83EDE}.Release|Any CPU.ActiveCfg = Release|Any CPU
		{76F2198F-0781-4914-B90A-67AD9FD83EDE}.Release|Any CPU.Build.0 = Release|Any CPU
	EndGlobalSection
	GlobalSection(SolutionProperties) = preSolution
		HideSolutionNode = FALSE
	EndGlobalSection
	GlobalSection(ExtensibilityGlobals) = postSolution
		SolutionGuid = {D3241B15-CD3B-47C1-99BA-84EA603A98B4}
	EndGlobalSection
EndGlobal
